
Microsoft Visual Studio Solution File, Format Version 12.00
# Visual Studio Version 16
VisualStudioVersion = 16.0.32228.343
MinimumVisualStudioVersion = 10.0.40219.1
Project("{FAE04EC0-301F-11D3-BF4B-00C04F79EFBC}") = "HomeWork05", "HomeWork05.csproj", "{AEFF0E4E-1B0E-42FF-94E2-675FF2AA3786}"
EndProject
Global
	GlobalSection(SolutionConfigurationPlatforms) = preSolution
		Debug|Any CPU = Debug|Any CPU
		Release|Any CPU = Release|Any CPU
	EndGlobalSection
	GlobalSection(ProjectConfigurationPlatforms) = postSolution
		{AEFF0E4E-1B0E-42FF-94E2-675FF2AA3786}.Debug|Any CPU.ActiveCfg = Debug|Any CPU
		{AEFF0E4E-1B0E-42FF-94E2-675FF2AA3786}.Debug|Any CPU.Build.0 = Debug|Any CPU
		{AEFF0E4E-1B0E-42FF-94E2-675FF2AA3786}.Release|Any CPU.ActiveCfg = Release|Any CPU
		{AEFF0E4E-1B0E-42FF-94E2-675FF2AA3786}.Release|Any CPU.Build.0 = Release|Any CPU
	EndGlobalSection
	GlobalSection(SolutionProperties) = preSolution
		HideSolutionNode = FALSE
	EndGlobalSection
	GlobalSection(ExtensibilityGlobals) = postSolution
		SolutionGuid = {0F77A35C-2625-4E4F-9D9A-537D84E03A41}
	EndGlobalSection
EndGlobal
