
Microsoft Visual Studio Solution File, Format Version 12.00
# Visual Studio Version 16
VisualStudioVersion = 16.0.32228.343
MinimumVisualStudioVersion = 10.0.40219.1
Project("{FAE04EC0-301F-11D3-BF4B-00C04F79EFBC}") = "HomeWork08", "HomeWork08.csproj", "{1AC2F3AA-D9D9-4154-ADB8-1280907DC18E}"
EndProject
Global
	GlobalSection(SolutionConfigurationPlatforms) = preSolution
		Debug|Any CPU = Debug|Any CPU
		Release|Any CPU = Release|Any CPU
	EndGlobalSection
	GlobalSection(ProjectConfigurationPlatforms) = postSolution
		{1AC2F3AA-D9D9-4154-ADB8-1280907DC18E}.Debug|Any CPU.ActiveCfg = Debug|Any CPU
		{1AC2F3AA-D9D9-4154-ADB8-1280907DC18E}.Debug|Any CPU.Build.0 = Debug|Any CPU
		{1AC2F3AA-D9D9-4154-ADB8-1280907DC18E}.Release|Any CPU.ActiveCfg = Release|Any CPU
		{1AC2F3AA-D9D9-4154-ADB8-1280907DC18E}.Release|Any CPU.Build.0 = Release|Any CPU
	EndGlobalSection
	GlobalSection(SolutionProperties) = preSolution
		HideSolutionNode = FALSE
	EndGlobalSection
	GlobalSection(ExtensibilityGlobals) = postSolution
		SolutionGuid = {DE268592-4EFC-4BEB-80DB-5DD43ECA22D0}
	EndGlobalSection
EndGlobal
